
Microsoft Visual Studio Solution File, Format Version 12.00
# Visual Studio Version 16
VisualStudioVersion = 16.0.31424.327
MinimumVisualStudioVersion = 10.0.40219.1
Project("{FAE04EC0-301F-11D3-BF4B-00C04F79EFBC}") = "Proje_11_Method_examples", "Proje_11_Method_examples\Proje_11_Method_examples.csproj", "{FF51340D-10AA-47DF-AB23-729FFF9C270D}"
EndProject
Global
	GlobalSection(SolutionConfigurationPlatforms) = preSolution
		Debug|Any CPU = Debug|Any CPU
		Release|Any CPU = Release|Any CPU
	EndGlobalSection
	GlobalSection(ProjectConfigurationPlatforms) = postSolution
		{FF51340D-10AA-47DF-AB23-729FFF9C270D}.Debug|Any CPU.ActiveCfg = Debug|Any CPU
		{FF51340D-10AA-47DF-AB23-729FFF9C270D}.Debug|Any CPU.Build.0 = Debug|Any CPU
		{FF51340D-10AA-47DF-AB23-729FFF9C270D}.Release|Any CPU.ActiveCfg = Release|Any CPU
		{FF51340D-10AA-47DF-AB23-729FFF9C270D}.Release|Any CPU.Build.0 = Release|Any CPU
	EndGlobalSection
	GlobalSection(SolutionProperties) = preSolution
		HideSolutionNode = FALSE
	EndGlobalSection
	GlobalSection(ExtensibilityGlobals) = postSolution
		SolutionGuid = {5D72BF42-441A-4252-BF39-3F067E3C1D3B}
	EndGlobalSection
EndGlobal
